Microsoft Visual Studio Solution File, Format Version 11.00
# Visual Studio 2008

Project("{83FFBE07-4A5D-84DE-480F-66F9FB03F1C8}") = "Assignment1_2DShooter_DrivingMadness", "Assembly-CSharp.csproj", "{61B66020-DDC6-A191-C53D-35ABA159EAB8}"
EndProject
Global
	GlobalSection(SolutionConfigurationPlatforms) = preSolution
		Debug|Any CPU = Debug|Any CPU
		Release|Any CPU = Release|Any CPU
	EndGlobalSection
	GlobalSection(ProjectConfigurationPlatforms) = postSolution
		{61B66020-DDC6-A191-C53D-35ABA159EAB8}.Debug|Any CPU.ActiveCfg = Debug|Any CPU
		{61B66020-DDC6-A191-C53D-35ABA159EAB8}.Debug|Any CPU.Build.0 = Debug|Any CPU
		{61B66020-DDC6-A191-C53D-35ABA159EAB8}.Release|Any CPU.ActiveCfg = Release|Any CPU
		{61B66020-DDC6-A191-C53D-35ABA159EAB8}.Release|Any CPU.Build.0 = Release|Any CPU
	EndGlobalSection
	GlobalSection(SolutionProperties) = preSolution
		HideSolutionNode = FALSE
	EndGlobalSection
	GlobalSection(MonoDevelopProperties) = preSolution
		StartupItem = Assembly-CSharp.csproj
	EndGlobalSection
EndGlobal
